
Microsoft Visual Studio Solution File, Format Version 12.00
# Visual Studio Version 16
VisualStudioVersion = 16.0.29519.87
MinimumVisualStudioVersion = 10.0.40219.1
Project("{FAE04EC0-301F-11D3-BF4B-00C04F79EFBC}") = "TheBestOneYet", "TheBestOneYet\TheBestOneYet.csproj", "{CF2D8C4C-8E97-4902-9622-AE66CAF6CF05}"
EndProject
Global
	GlobalSection(SolutionConfigurationPlatforms) = preSolution
		Debug|Any CPU = Debug|Any CPU
		Release|Any CPU = Release|Any CPU
	EndGlobalSection
	GlobalSection(ProjectConfigurationPlatforms) = postSolution
		{CF2D8C4C-8E97-4902-9622-AE66CAF6CF05}.Debug|Any CPU.ActiveCfg = Debug|Any CPU
		{CF2D8C4C-8E97-4902-9622-AE66CAF6CF05}.Debug|Any CPU.Build.0 = Debug|Any CPU
		{CF2D8C4C-8E97-4902-9622-AE66CAF6CF05}.Release|Any CPU.ActiveCfg = Release|Any CPU
		{CF2D8C4C-8E97-4902-9622-AE66CAF6CF05}.Release|Any CPU.Build.0 = Release|Any CPU
	EndGlobalSection
	GlobalSection(SolutionProperties) = preSolution
		HideSolutionNode = FALSE
	EndGlobalSection
	GlobalSection(ExtensibilityGlobals) = postSolution
		SolutionGuid = {ABE3D6AF-5FFD-47D8-A22D-372095C6A672}
	EndGlobalSection
EndGlobal
